github.com/go-chi/chi/v5 v5.2.1 h1:KOIHODQj58PmL80G2Eak4WdvUzjSJSm0vG72crDCqb8=
github.com/go-chi/chi/v5 v5.2.1/go.mod h1:L2yAIGWB3H+phAw1NxKwWM+7eUH/lU8pOMm5hHcoops=
github.com/heikkilamarko/goutils v1.0.29 h1:MlyT/wQ1GKJT2DmJU69AX9D5B6FDAR2PbOV2ifr/mWo=
github.com/heikkilamarko/goutils v1.0.29/go.mod h1:TNuhWHMlaSbCGoBUJACbtWgfeW0SDhokT5dn9MDL1NE=
github.com/mattn/go-sqlite3 v1.14.24 h1:tpSp2G2KyMnnQu99ngJ47EIkWVmliIizyZBfPrBWDRM=
github.com/mattn/go-sqlite3 v1.14.24/go.mod h1:Uh1q+B4BYcTPb+yiD3kU8Ct7aC0hY9fxUwlHK0RXw+Y=
